
Microsoft Visual Studio Solution File, Format Version 12.00
# Visual Studio Version 17
VisualStudioVersion = 17.13.35931.197 d17.13
MinimumVisualStudioVersion = 10.0.40219.1
Project("{FAE04EC0-301F-11D3-BF4B-00C04F79EFBC}") = "Exam4", "Exam4\Exam4.csproj", "{87BA43DD-3496-4245-89CA-BB600C041AB0}"
EndProject
Global
	GlobalSection(SolutionConfigurationPlatforms) = preSolution
		Debug|Any CPU = Debug|Any CPU
		Release|Any CPU = Release|Any CPU
	EndGlobalSection
	GlobalSection(ProjectConfigurationPlatforms) = postSolution
		{87BA43DD-3496-4245-89CA-BB600C041AB0}.Debug|Any CPU.ActiveCfg = Debug|Any CPU
		{87BA43DD-3496-4245-89CA-BB600C041AB0}.Debug|Any CPU.Build.0 = Debug|Any CPU
		{87BA43DD-3496-4245-89CA-BB600C041AB0}.Release|Any CPU.ActiveCfg = Release|Any CPU
		{87BA43DD-3496-4245-89CA-BB600C041AB0}.Release|Any CPU.Build.0 = Release|Any CPU
	EndGlobalSection
	GlobalSection(SolutionProperties) = preSolution
		HideSolutionNode = FALSE
	EndGlobalSection
	GlobalSection(ExtensibilityGlobals) = postSolution
		SolutionGuid = {00B1EEDE-3979-44C4-A517-CDE7F4AA14F8}
	EndGlobalSection
EndGlobal
